{
  "name": "quasar-app-extension-flowy",
  "version": "1.0.2",
  "lockfileVersion": 1,
  "requires": true,
  "dependencies": {
    "@hipsjs/flowy-vue": {
      "version": "1.0.10",
      "resolved": "https://registry.npmjs.org/@hipsjs/flowy-vue/-/flowy-vue-1.0.10.tgz",
      "integrity": "sha512-um2n1JsYqwDQ6y1cPc90pr2D/jOh/3idCNHLwdXYwTjfCazqSSukkRZd9Jyy2z+hkbqEGNHyoYyAm/tQR/EbUg==",
      "requires": {
        "@hipsjs/shopify-draggable-vue": "^1.0.7",
        "lodash": "^4.17.15"
      }
    },
    "@hipsjs/shopify-draggable-vue": {
      "version": "1.0.7",
      "resolved": "https://registry.npmjs.org/@hipsjs/shopify-draggable-vue/-/shopify-draggable-vue-1.0.7.tgz",
      "integrity": "sha512-iEPAL4XOln0wIE+URQ5iBgdZF0bv6cKzHue3FibCnrfDGaVlKw6gwmVcuLxrwy54lQ16UE5ZRh+wc6SZ3zzI0Q==",
      "requires": {
        "@shopify/draggable": "^1.0.0-beta.8"
      }
    },
    "@shopify/draggable": {
      "version": "1.0.0-beta.8",
      "resolved": "https://registry.npmjs.org/@shopify/draggable/-/draggable-1.0.0-beta.8.tgz",
      "integrity": "sha512-9IeBPQM93Ad4qFKUopwuTClzoST/1OId4MaSd/8FB5ScCL2tl25UaOGNR8E2hjiL7xK4LN5+I1Ews6amS7YAiA=="
    },
    "lodash": {
      "version": "4.17.19",
      "resolved": "https://registry.npmjs.org/lodash/-/lodash-4.17.19.tgz",
      "integrity": "sha512-JNvd8XER9GQX0v2qJgsaN/mzFCNA5BRe/j8JN9d+tWyGLSodKQHKFicdwNYzWwI3wjRnaKPsGj1XkBjx/F96DQ=="
    }
  }
}
